Microsoft Visual Studio Solution File, Format Version 12.00
# Visual Studio Version 16
VisualStudioVersion = 16.0.30717.126
MinimumVisualStudioVersion = 10.0.40219.1
Project("{FAE04EC0-301F-11D3-BF4B-00C04F79EFBC}") = "OfficeConversion.Host", "OfficeConversion.Host\OfficeConversion.Host.csproj", "{592E0E74-A14F-48DC-812E-B6F5B966ABD7}"
EndProject
Project("{FAE04EC0-301F-11D3-BF4B-00C04F79EFBC}") = "OfficeConversion.Tests", "tests\OfficeConversion.Tests\OfficeConversion.Tests.csproj", "{7011901D-7D25-44BF-B0AF-0479B4F19E53}"
EndProject
Global
	GlobalSection(SolutionConfigurationPlatforms) = preSolution
		Debug|Any CPU = Debug|Any CPU
		Release|Any CPU = Release|Any CPU
	EndGlobalSection
	GlobalSection(ProjectConfigurationPlatforms) = postSolution
		{592E0E74-A14F-48DC-812E-B6F5B966ABD7}.Debug|Any CPU.ActiveCfg = Debug|Any CPU
		{592E0E74-A14F-48DC-812E-B6F5B966ABD7}.Debug|Any CPU.Build.0 = Debug|Any CPU
		{592E0E74-A14F-48DC-812E-B6F5B966ABD7}.Release|Any CPU.ActiveCfg = Release|Any CPU
		{592E0E74-A14F-48DC-812E-B6F5B966ABD7}.Release|Any CPU.Build.0 = Release|Any CPU
		{7011901D-7D25-44BF-B0AF-0479B4F19E53}.Debug|Any CPU.ActiveCfg = Debug|Any CPU
		{7011901D-7D25-44BF-B0AF-0479B4F19E53}.Debug|Any CPU.Build.0 = Debug|Any CPU
		{7011901D-7D25-44BF-B0AF-0479B4F19E53}.Release|Any CPU.ActiveCfg = Release|Any CPU
		{7011901D-7D25-44BF-B0AF-0479B4F19E53}.Release|Any CPU.Build.0 = Release|Any CPU
	EndGlobalSection
	GlobalSection(SolutionProperties) = preSolution
		HideSolutionNode = FALSE
	EndGlobalSection
	GlobalSection(ExtensibilityGlobals) = postSolution
		SolutionGuid = {37A45AF2-CE4B-4973-BD9F-40012A1CE334}
	EndGlobalSection
EndGlobal
